
Microsoft Visual Studio Solution File, Format Version 12.00
# Visual Studio Version 17
VisualStudioVersion = 17.14.36221.1 d17.14
MinimumVisualStudioVersion = 10.0.40219.1
Project("{FAE04EC0-301F-11D3-BF4B-00C04F79EFBC}") = "Phumla", "Phumla\Phumla.csproj", "{F3974AB5-73DA-4877-88BA-F4E3406B6F0D}"
EndProject
Global
	GlobalSection(SolutionConfigurationPlatforms) = preSolution
		Debug|Any CPU = Debug|Any CPU
		Release|Any CPU = Release|Any CPU
	EndGlobalSection
	GlobalSection(ProjectConfigurationPlatforms) = postSolution
		{F3974AB5-73DA-4877-88BA-F4E3406B6F0D}.Debug|Any CPU.ActiveCfg = Debug|Any CPU
		{F3974AB5-73DA-4877-88BA-F4E3406B6F0D}.Debug|Any CPU.Build.0 = Debug|Any CPU
		{F3974AB5-73DA-4877-88BA-F4E3406B6F0D}.Release|Any CPU.ActiveCfg = Release|Any CPU
		{F3974AB5-73DA-4877-88BA-F4E3406B6F0D}.Release|Any CPU.Build.0 = Release|Any CPU
	EndGlobalSection
	GlobalSection(SolutionProperties) = preSolution
		HideSolutionNode = FALSE
	EndGlobalSection
	GlobalSection(ExtensibilityGlobals) = postSolution
		SolutionGuid = {D9241E56-C5C7-4E92-A82F-F9143691BD5E}
	EndGlobalSection
EndGlobal
